
Microsoft Visual Studio Solution File, Format Version 12.00
# Visual Studio Version 16
VisualStudioVersion = 16.0.29613.14
MinimumVisualStudioVersion = 10.0.40219.1
Project("{FAE04EC0-301F-11D3-BF4B-00C04F79EFBC}") = "WpfApp практическая работа 1 Гуляева", "WpfApp практическая работа 1 Гуляева.csproj", "{C2572C03-4E3F-499A-92C2-79F688D9CEDA}"
EndProject
Global
	GlobalSection(SolutionConfigurationPlatforms) = preSolution
		Debug|Any CPU = Debug|Any CPU
		Release|Any CPU = Release|Any CPU
	EndGlobalSection
	GlobalSection(ProjectConfigurationPlatforms) = postSolution
		{C2572C03-4E3F-499A-92C2-79F688D9CEDA}.Debug|Any CPU.ActiveCfg = Debug|Any CPU
		{C2572C03-4E3F-499A-92C2-79F688D9CEDA}.Debug|Any CPU.Build.0 = Debug|Any CPU
		{C2572C03-4E3F-499A-92C2-79F688D9CEDA}.Release|Any CPU.ActiveCfg = Release|Any CPU
		{C2572C03-4E3F-499A-92C2-79F688D9CEDA}.Release|Any CPU.Build.0 = Release|Any CPU
	EndGlobalSection
	GlobalSection(SolutionProperties) = preSolution
		HideSolutionNode = FALSE
	EndGlobalSection
	GlobalSection(ExtensibilityGlobals) = postSolution
		SolutionGuid = {3FF06CE2-040C-47A8-936B-82E45E03A446}
	EndGlobalSection
EndGlobal
